
Microsoft Visual Studio Solution File, Format Version 12.00
# Visual Studio Version 17
VisualStudioVersion = 17.7.34202.233
MinimumVisualStudioVersion = 10.0.40219.1
Project("{FAE04EC0-301F-11D3-BF4B-00C04F79EFBC}") = "PorductosServer", "PorductosServer\PorductosServer.csproj", "{1E540B29-E1DE-4BB1-8699-519A308816D3}"
EndProject
Global
	GlobalSection(SolutionConfigurationPlatforms) = preSolution
		Debug|Any CPU = Debug|Any CPU
		Release|Any CPU = Release|Any CPU
	EndGlobalSection
	GlobalSection(ProjectConfigurationPlatforms) = postSolution
		{1E540B29-E1DE-4BB1-8699-519A308816D3}.Debug|Any CPU.ActiveCfg = Debug|Any CPU
		{1E540B29-E1DE-4BB1-8699-519A308816D3}.Debug|Any CPU.Build.0 = Debug|Any CPU
		{1E540B29-E1DE-4BB1-8699-519A308816D3}.Release|Any CPU.ActiveCfg = Release|Any CPU
		{1E540B29-E1DE-4BB1-8699-519A308816D3}.Release|Any CPU.Build.0 = Release|Any CPU
	EndGlobalSection
	GlobalSection(SolutionProperties) = preSolution
		HideSolutionNode = FALSE
	EndGlobalSection
	GlobalSection(ExtensibilityGlobals) = postSolution
		SolutionGuid = {C1A27193-F49E-4F0B-BFB4-278945BCA601}
	EndGlobalSection
EndGlobal
